
Microsoft Visual Studio Solution File, Format Version 12.00
# Visual Studio 15
VisualStudioVersion = 15.0.26124.0
MinimumVisualStudioVersion = 15.0.26124.0
Project("{2150E333-8FDC-42A3-9474-1A3956D46DE8}") = "src", "src", "{30AEADF6-7027-4FDA-B9A1-D72ED3384C37}"
EndProject
Project("{FAE04EC0-301F-11D3-BF4B-00C04F79EFBC}") = "PalTracker", "src\PalTracker\PalTracker.csproj", "{6058CF50-F3CD-44A0-A65A-07438CD611D3}"
EndProject
Project("{2150E333-8FDC-42A3-9474-1A3956D46DE8}") = "test", "test", "{8D1BD679-4761-4BC7-BDAB-BDA40AD8FB89}"
EndProject
Project("{FAE04EC0-301F-11D3-BF4B-00C04F79EFBC}") = "PalTrackerTests", "test\PalTrackerTests\PalTrackerTests.csproj", "{B27A14A6-5484-4671-9203-BD0F8B01C932}"
EndProject
Global
	GlobalSection(SolutionConfigurationPlatforms) = preSolution
		Debug|Any CPU = Debug|Any CPU
		Debug|x64 = Debug|x64
		Debug|x86 = Debug|x86
		Release|Any CPU = Release|Any CPU
		Release|x64 = Release|x64
		Release|x86 = Release|x86
	EndGlobalSection
	GlobalSection(SolutionProperties) = preSolution
		HideSolutionNode = FALSE
	EndGlobalSection
	GlobalSection(ProjectConfigurationPlatforms) = postSolution
		{6058CF50-F3CD-44A0-A65A-07438CD611D3}.Debug|Any CPU.ActiveCfg = Debug|Any CPU
		{6058CF50-F3CD-44A0-A65A-07438CD611D3}.Debug|Any CPU.Build.0 = Debug|Any CPU
		{6058CF50-F3CD-44A0-A65A-07438CD611D3}.Debug|x64.ActiveCfg = Debug|Any CPU
		{6058CF50-F3CD-44A0-A65A-07438CD611D3}.Debug|x64.Build.0 = Debug|Any CPU
		{6058CF50-F3CD-44A0-A65A-07438CD611D3}.Debug|x86.ActiveCfg = Debug|Any CPU
		{6058CF50-F3CD-44A0-A65A-07438CD611D3}.Debug|x86.Build.0 = Debug|Any CPU
		{6058CF50-F3CD-44A0-A65A-07438CD611D3}.Release|Any CPU.ActiveCfg = Release|Any CPU
		{6058CF50-F3CD-44A0-A65A-07438CD611D3}.Release|Any CPU.Build.0 = Release|Any CPU
		{6058CF50-F3CD-44A0-A65A-07438CD611D3}.Release|x64.ActiveCfg = Release|Any CPU
		{6058CF50-F3CD-44A0-A65A-07438CD611D3}.Release|x64.Build.0 = Release|Any CPU
		{6058CF50-F3CD-44A0-A65A-07438CD611D3}.Release|x86.ActiveCfg = Release|Any CPU
		{6058CF50-F3CD-44A0-A65A-07438CD611D3}.Release|x86.Build.0 = Release|Any CPU
		{B27A14A6-5484-4671-9203-BD0F8B01C932}.Debug|Any CPU.ActiveCfg = Debug|Any CPU
		{B27A14A6-5484-4671-9203-BD0F8B01C932}.Debug|Any CPU.Build.0 = Debug|Any CPU
		{B27A14A6-5484-4671-9203-BD0F8B01C932}.Debug|x64.ActiveCfg = Debug|Any CPU
		{B27A14A6-5484-4671-9203-BD0F8B01C932}.Debug|x64.Build.0 = Debug|Any CPU
		{B27A14A6-5484-4671-9203-BD0F8B01C932}.Debug|x86.ActiveCfg = Debug|Any CPU
		{B27A14A6-5484-4671-9203-BD0F8B01C932}.Debug|x86.Build.0 = Debug|Any CPU
		{B27A14A6-5484-4671-9203-BD0F8B01C932}.Release|Any CPU.ActiveCfg = Release|Any CPU
		{B27A14A6-5484-4671-9203-BD0F8B01C932}.Release|Any CPU.Build.0 = Release|Any CPU
		{B27A14A6-5484-4671-9203-BD0F8B01C932}.Release|x64.ActiveCfg = Release|Any CPU
		{B27A14A6-5484-4671-9203-BD0F8B01C932}.Release|x64.Build.0 = Release|Any CPU
		{B27A14A6-5484-4671-9203-BD0F8B01C932}.Release|x86.ActiveCfg = Release|Any CPU
		{B27A14A6-5484-4671-9203-BD0F8B01C932}.Release|x86.Build.0 = Release|Any CPU
	EndGlobalSection
	GlobalSection(NestedProjects) = preSolution
		{6058CF50-F3CD-44A0-A65A-07438CD611D3} = {30AEADF6-7027-4FDA-B9A1-D72ED3384C37}
		{B27A14A6-5484-4671-9203-BD0F8B01C932} = {8D1BD679-4761-4BC7-BDAB-BDA40AD8FB89}
	EndGlobalSection
EndGlobal
